{
  "nodes": {
    "butler": {
      "inputs": {
        "hspkgs": "hspkgs"
      },
      "locked": {
        "lastModified": 1691349766,
        "narHash": "sha256-J+WjjBdLStbGSIcD2nNMAR8zCXgrEqPWXRAF0mKBS1c=",
        "owner": "TristanCacqueray",
        "repo": "haskell-butler",
        "rev": "16e6ffc28ede3191807b4207362cdaa86972b89c",
        "type": "github"
      },
      "original": {
        "owner": "TristanCacqueray",
        "repo": "haskell-butler",
        "rev": "16e6ffc28ede3191807b4207362cdaa86972b89c",
        "type": "github"
      }
    },
    "flake-utils": {
      "locked": {
        "lastModified": 1676283394,
        "narHash": "sha256-XX2f9c3iySLCw54rJ/CZs+ZK6IQy7GXNY4nSOyu2QG4=",
        "owner": "numtide",
        "repo": "flake-utils",
        "rev": "3db36a8b464d0c4532ba1c7dda728f4576d6d073",
        "type": "github"
      },
      "original": {
        "owner": "numtide",
        "repo": "flake-utils",
        "type": "github"
      }
    },
    "hspkgs": {
      "inputs": {
        "nixpkgs": "nixpkgs"
      },
      "locked": {
        "lastModified": 1691345406,
        "narHash": "sha256-8dXDNPe2kwBVXWvcpdxmkPL4PiPv4099qmOgMNtGOb8=",
        "owner": "podenv",
        "repo": "hspkgs",
        "rev": "f6893161b29a8086c7e1232c886a99a5d815ffae",
        "type": "github"
      },
      "original": {
        "owner": "podenv",
        "repo": "hspkgs",
        "rev": "f6893161b29a8086c7e1232c886a99a5d815ffae",
        "type": "github"
      }
    },
    "hspkgs_2": {
      "inputs": {
        "nixpkgs": "nixpkgs_2"
      },
      "locked": {
        "lastModified": 1691345406,
        "narHash": "sha256-8dXDNPe2kwBVXWvcpdxmkPL4PiPv4099qmOgMNtGOb8=",
        "owner": "podenv",
        "repo": "hspkgs",
        "rev": "f6893161b29a8086c7e1232c886a99a5d815ffae",
        "type": "github"
      },
      "original": {
        "owner": "podenv",
        "repo": "hspkgs",
        "rev": "f6893161b29a8086c7e1232c886a99a5d815ffae",
        "type": "github"
      }
    },
    "nixpkgs": {
      "locked": {
        "lastModified": 1691280800,
        "narHash": "sha256-/0CqbbXO5qfyZ2DgyLIYGP7wT3ONNE3gtiE5gYG9zXE=",
        "owner": "NixOS",
        "repo": "nixpkgs",
        "rev": "e365e1db48d060b3e31b02ec8177f66f386f39b8",
        "type": "github"
      },
      "original": {
        "owner": "NixOS",
        "repo": "nixpkgs",
        "rev": "e365e1db48d060b3e31b02ec8177f66f386f39b8",
        "type": "github"
      }
    },
    "nixpkgs_2": {
      "locked": {
        "lastModified": 1691280800,
        "narHash": "sha256-/0CqbbXO5qfyZ2DgyLIYGP7wT3ONNE3gtiE5gYG9zXE=",
        "owner": "NixOS",
        "repo": "nixpkgs",
        "rev": "e365e1db48d060b3e31b02ec8177f66f386f39b8",
        "type": "github"
      },
      "original": {
        "owner": "NixOS",
        "repo": "nixpkgs",
        "rev": "e365e1db48d060b3e31b02ec8177f66f386f39b8",
        "type": "github"
      }
    },
    "root": {
      "inputs": {
        "butler": "butler",
        "flake-utils": "flake-utils",
        "hspkgs": "hspkgs_2"
      }
    }
  },
  "root": "root",
  "version": 7
}
